
Microsoft Visual Studio Solution File, Format Version 12.00
# Visual Studio Version 16
VisualStudioVersion = 16.0.31515.178
MinimumVisualStudioVersion = 10.0.40219.1
Project("{FAE04EC0-301F-11D3-BF4B-00C04F79EFBC}") = "BoringSM", "BoringSM.csproj", "{8DBE3618-3541-4F21-BA7E-C44ECEFB02F4}"
EndProject
Global
	GlobalSection(SolutionConfigurationPlatforms) = preSolution
		Debug|Any CPU = Debug|Any CPU
		Release|Any CPU = Release|Any CPU
	EndGlobalSection
	GlobalSection(ProjectConfigurationPlatforms) = postSolution
		{8DBE3618-3541-4F21-BA7E-C44ECEFB02F4}.Debug|Any CPU.ActiveCfg = Debug|Any CPU
		{8DBE3618-3541-4F21-BA7E-C44ECEFB02F4}.Debug|Any CPU.Build.0 = Debug|Any CPU
		{8DBE3618-3541-4F21-BA7E-C44ECEFB02F4}.Release|Any CPU.ActiveCfg = Release|Any CPU
		{8DBE3618-3541-4F21-BA7E-C44ECEFB02F4}.Release|Any CPU.Build.0 = Release|Any CPU
	EndGlobalSection
	GlobalSection(SolutionProperties) = preSolution
		HideSolutionNode = FALSE
	EndGlobalSection
	GlobalSection(ExtensibilityGlobals) = postSolution
		SolutionGuid = {B0A923B3-67A7-47F2-80D2-308EA80936F6}
	EndGlobalSection
EndGlobal
